
Microsoft Visual Studio Solution File, Format Version 12.00
# Visual Studio Version 17
VisualStudioVersion = 17.6.33829.357
MinimumVisualStudioVersion = 10.0.40219.1
Project("{FAE04EC0-301F-11D3-BF4B-00C04F79EFBC}") = "y2mate.Android", "y2mate\y2mate.Android\y2mate.Android.csproj", "{73C5E68D-3A14-4F92-8CFE-83D72E9D6658}"
EndProject
Project("{FAE04EC0-301F-11D3-BF4B-00C04F79EFBC}") = "y2mate", "y2mate\y2mate\y2mate.csproj", "{E9FED574-6724-4B25-AC92-BD8839862147}"
EndProject
Global
	GlobalSection(SolutionConfigurationPlatforms) = preSolution
		Debug|Any CPU = Debug|Any CPU
		Release|Any CPU = Release|Any CPU
	EndGlobalSection
	GlobalSection(ProjectConfigurationPlatforms) = postSolution
		{73C5E68D-3A14-4F92-8CFE-83D72E9D6658}.Debug|Any CPU.ActiveCfg = Debug|Any CPU
		{73C5E68D-3A14-4F92-8CFE-83D72E9D6658}.Debug|Any CPU.Build.0 = Debug|Any CPU
		{73C5E68D-3A14-4F92-8CFE-83D72E9D6658}.Debug|Any CPU.Deploy.0 = Debug|Any CPU
		{73C5E68D-3A14-4F92-8CFE-83D72E9D6658}.Release|Any CPU.ActiveCfg = Release|Any CPU
		{73C5E68D-3A14-4F92-8CFE-83D72E9D6658}.Release|Any CPU.Build.0 = Release|Any CPU
		{73C5E68D-3A14-4F92-8CFE-83D72E9D6658}.Release|Any CPU.Deploy.0 = Release|Any CPU
		{E9FED574-6724-4B25-AC92-BD8839862147}.Debug|Any CPU.ActiveCfg = Debug|Any CPU
		{E9FED574-6724-4B25-AC92-BD8839862147}.Debug|Any CPU.Build.0 = Debug|Any CPU
		{E9FED574-6724-4B25-AC92-BD8839862147}.Debug|Any CPU.Deploy.0 = Debug|Any CPU
		{E9FED574-6724-4B25-AC92-BD8839862147}.Release|Any CPU.ActiveCfg = Release|Any CPU
		{E9FED574-6724-4B25-AC92-BD8839862147}.Release|Any CPU.Build.0 = Release|Any CPU
		{E9FED574-6724-4B25-AC92-BD8839862147}.Release|Any CPU.Deploy.0 = Release|Any CPU
	EndGlobalSection
	GlobalSection(SolutionProperties) = preSolution
		HideSolutionNode = FALSE
	EndGlobalSection
	GlobalSection(ExtensibilityGlobals) = postSolution
		SolutionGuid = {3E364DAA-5BD9-4826-BE1C-EA0CED403E1C}
	EndGlobalSection
EndGlobal
